// !$*UTF8*$!
{
	archiveVersion = 1;
	classes = {
	};
	objectVersion = 46;
	objects = {

/* Begin PBXBuildFile section */
		2FAD733D1F964ABA006F0664 /* CustomView.swift in Sources */ = {isa = PBXBuildFile; fileRef = 2FAD733C1F964ABA006F0664 /* CustomView.swift */; };
		2FAD73401F964BBF006F0664 /* Constants.swift in Sources */ = {isa = PBXBuildFile; fileRef = 2FAD733F1F964BBF006F0664 /* Constants.swift */; };
		2FAD73421F964FFF006F0664 /* RoundBtn.swift in Sources */ = {isa = PBXBuildFile; fileRef = 2FAD73411F964FFF006F0664 /* RoundBtn.swift */; };
		2FAD73441F965208006F0664 /* CustomTextField.swift in Sources */ = {isa = PBXBuildFile; fileRef = 2FAD73431F965208006F0664 /* CustomTextField.swift */; };
		2FAD73461F965394006F0664 /* RoundedCornerBtn.swift in Sources */ = {isa = PBXBuildFile; fileRef = 2FAD73451F965394006F0664 /* RoundedCornerBtn.swift */; };
		2FAD73491F966CF9006F0664 /* FBSDKCoreKit.framework in Frameworks */ = {isa = PBXBuildFile; fileRef = 2FAD73471F966CF9006F0664 /* FBSDKCoreKit.framework */; };
		2FAD734A1F966CF9006F0664 /* FBSDKLoginKit.framework in Frameworks */ = {isa = PBXBuildFile; fileRef = 2FAD73481F966CF9006F0664 /* FBSDKLoginKit.framework */; };
		2FAD734D1F966E71006F0664 /* Bolts.framework in Frameworks */ = {isa = PBXBuildFile; fileRef = 2FAD734B1F966E71006F0664 /* Bolts.framework */; };
		2FAD734E1F966E71006F0664 /* FBSDKShareKit.framework in Frameworks */ = {isa = PBXBuildFile; fileRef = 2FAD734C1F966E71006F0664 /* FBSDKShareKit.framework */; };
		2FCD29AF1F9517F80051C2BF /* AppDelegate.swift in Sources */ = {isa = PBXBuildFile; fileRef = 2FCD29AE1F9517F80051C2BF /* AppDelegate.swift */; };
		2FCD29B11F9517F80051C2BF /* SignInVC.swift in Sources */ = {isa = PBXBuildFile; fileRef = 2FCD29B01F9517F80051C2BF /* SignInVC.swift */; };
		2FCD29B41F9517F80051C2BF /* Main.storyboard in Resources */ = {isa = PBXBuildFile; fileRef = 2FCD29B21F9517F80051C2BF /* Main.storyboard */; };
		2FCD29B61F9517F80051C2BF /* Assets.xcassets in Resources */ = {isa = PBXBuildFile; fileRef = 2FCD29B51F9517F80051C2BF /* Assets.xcassets */; };
		2FCD29B91F9517F80051C2BF /* LaunchScreen.storyboard in Resources */ = {isa = PBXBuildFile; fileRef = 2FCD29B71F9517F80051C2BF /* LaunchScreen.storyboard */; };
		2FCD29C11F9518870051C2BF /* GoogleService-Info.plist in Resources */ = {isa = PBXBuildFile; fileRef = 2FCD29C01F9518870051C2BF /* GoogleService-Info.plist */; };
		FE5B835394AD1679FB396BA3 /* Pods_DevslopesSocial.framework in Frameworks */ = {isa = PBXBuildFile; fileRef = ED031F2A2DFBB2E1BA6E5813 /* Pods_DevslopesSocial.framework */; };
/* End PBXBuildFile section */

/* Begin PBXFileReference section */
		2FAD733C1F964ABA006F0664 /* CustomView.swift */ = {isa = PBXFileReference; fileEncoding = 4; lastKnownFileType = sourcecode.swift; path = CustomView.swift; sourceTree = "<group>"; };
		2FAD733F1F964BBF006F0664 /* Constants.swift */ = {isa = PBXFileReference; fileEncoding = 4; lastKnownFileType = sourcecode.swift; path = Constants.swift; sourceTree = "<group>"; };
		2FAD73411F964FFF006F0664 /* RoundBtn.swift */ = {isa = PBXFileReference; fileEncoding = 4; lastKnownFileType = sourcecode.swift; path = RoundBtn.swift; sourceTree = "<group>"; };
		2FAD73431F965208006F0664 /* CustomTextField.swift */ = {isa = PBXFileReference; fileEncoding = 4; lastKnownFileType = sourcecode.swift; path = CustomTextField.swift; sourceTree = "<group>"; };
		2FAD73451F965394006F0664 /* RoundedCornerBtn.swift */ = {isa = PBXFileReference; fileEncoding = 4; lastKnownFileType = sourcecode.swift; path = RoundedCornerBtn.swift; sourceTree = "<group>"; };
		2FAD73471F966CF9006F0664 /* FBSDKCoreKit.framework */ = {isa = PBXFileReference; lastKnownFileType = wrapper.framework; path = FBSDKCoreKit.framework; sourceTree = "<group>"; };
		2FAD73481F966CF9006F0664 /* FBSDKLoginKit.framework */ = {isa = PBXFileReference; lastKnownFileType = wrapper.framework; path = FBSDKLoginKit.framework; sourceTree = "<group>"; };
		2FAD734B1F966E71006F0664 /* Bolts.framework */ = {isa = PBXFileReference; lastKnownFileType = wrapper.framework; path = Bolts.framework; sourceTree = "<group>"; };
		2FAD734C1F966E71006F0664 /* FBSDKShareKit.framework */ = {isa = PBXFileReference; lastKnownFileType = wrapper.framework; path = FBSDKShareKit.framework; sourceTree = "<group>"; };
		2FCD29AB1F9517F80051C2BF /* DevslopesSocial.app */ = {isa = PBXFileReference; explicitFileType = wrapper.application; includeInIndex = 0; path = DevslopesSocial.app; sourceTree = BUILT_PRODUCTS_DIR; };
		2FCD29AE1F9517F80051C2BF /* AppDelegate.swift */ = {isa = PBXFileReference; lastKnownFileType = sourcecode.swift; path = AppDelegate.swift; sourceTree = "<group>"; };
		2FCD29B01F9517F80051C2BF /* SignInVC.swift */ = {isa = PBXFileReference; lastKnownFileType = sourcecode.swift; path = SignInVC.swift; sourceTree = "<group>"; };
		2FCD29B31F9517F80051C2BF /* Base */ = {isa = PBXFileReference; lastKnownFileType = file.storyboard; name = Base; path = Base.lproj/Main.storyboard; sourceTree = "<group>"; };
		2FCD29B51F9517F80051C2BF /* Assets.xcassets */ = {isa = PBXFileReference; lastKnownFileType = folder.assetcatalog; path = Assets.xcassets; sourceTree = "<group>"; };
		2FCD29B81F9517F80051C2BF /* Base */ = {isa = PBXFileReference; lastKnownFileType = file.storyboard; name = Base; path = Base.lproj/LaunchScreen.storyboard; sourceTree = "<group>"; };
		2FCD29BA1F9517F80051C2BF /* Info.plist */ = {isa = PBXFileReference; lastKnownFileType = text.plist.xml; path = Info.plist; sourceTree = "<group>"; };
		2FCD29C01F9518870051C2BF /* GoogleService-Info.plist */ = {isa = PBXFileReference; fileEncoding = 4; lastKnownFileType = text.plist.xml; name = "GoogleService-Info.plist"; path = "../GoogleService-Info.plist"; sourceTree = "<group>"; };
		D05C72C5A582A5698E8F4688 /* Pods-DevslopesSocial.release.xcconfig */ = {isa = PBXFileReference; includeInIndex = 1; lastKnownFileType = text.xcconfig; name = "Pods-DevslopesSocial.release.xcconfig"; path = "Pods/Target Support Files/Pods-DevslopesSocial/Pods-DevslopesSocial.release.xcconfig"; sourceTree = "<group>"; };
		DBBB5302EDD2FA4BD5268C3F /* Pods-DevslopesSocial.debug.xcconfig */ = {isa = PBXFileReference; includeInIndex = 1; lastKnownFileType = text.xcconfig; name = "Pods-DevslopesSocial.debug.xcconfig"; path = "Pods/Target Support Files/Pods-DevslopesSocial/Pods-DevslopesSocial.debug.xcconfig"; sourceTree = "<group>"; };
		ED031F2A2DFBB2E1BA6E5813 /* Pods_DevslopesSocial.framework */ = {isa = PBXFileReference; explicitFileType = wrapper.framework; includeInIndex = 0; path = Pods_DevslopesSocial.framework; sourceTree = BUILT_PRODUCTS_DIR; };
/* End PBXFileReference section */

/* Begin PBXFrameworksBuildPhase section */
		2FCD29A81F9517F80051C2BF /* Frameworks */ = {
			isa = PBXFrameworksBuildPhase;
			buildActionMask = 2147483647;
			files = (
				FE5B835394AD1679FB396BA3 /* Pods_DevslopesSocial.framework in Frameworks */,
				2FAD73491F966CF9006F0664 /* FBSDKCoreKit.framework in Frameworks */,
				2FAD734E1F966E71006F0664 /* FBSDKShareKit.framework in Frameworks */,
				2FAD734A1F966CF9006F0664 /* FBSDKLoginKit.framework in Frameworks */,
				2FAD734D1F966E71006F0664 /* Bolts.framework in Frameworks */,
			);
			runOnlyForDeploymentPostprocessing = 0;
		};
/* End PBXFrameworksBuildPhase section */

/* Begin PBXGroup section */
		2FAD73391F953153006F0664 /* Model */ = {
			isa = PBXGroup;
			children = (
			);
			name = Model;
			sourceTree = "<group>";
		};
		2FAD733A1F95315B006F0664 /* View */ = {
			isa = PBXGroup;
			children = (
				2FAD733C1F964ABA006F0664 /* CustomView.swift */,
				2FAD73411F964FFF006F0664 /* RoundBtn.swift */,
				2FAD73431F965208006F0664 /* CustomTextField.swift */,
				2FAD73451F965394006F0664 /* RoundedCornerBtn.swift */,
			);
			name = View;
			sourceTree = "<group>";
		};
		2FAD733B1F953160006F0664 /* Controller */ = {
			isa = PBXGroup;
			children = (
				2FCD29B01F9517F80051C2BF /* SignInVC.swift */,
			);
			name = Controller;
			sourceTree = "<group>";
		};
		2FAD733E1F964BAC006F0664 /* Util */ = {
			isa = PBXGroup;
			children = (
				2FAD733F1F964BBF006F0664 /* Constants.swift */,
			);
			name = Util;
			sourceTree = "<group>";
		};
		2FCD29A21F9517F80051C2BF = {
			isa = PBXGroup;
			children = (
				2FCD29AD1F9517F80051C2BF /* DevslopesSocial */,
				2FCD29AC1F9517F80051C2BF /* Products */,
				CE03EBE1E9C0F1FA4EA2DECF /* Pods */,
				E1FD32B523A9BA9770E9F9E3 /* Frameworks */,
			);
			sourceTree = "<group>";
		};
		2FCD29AC1F9517F80051C2BF /* Products */ = {
			isa = PBXGroup;
			children = (
				2FCD29AB1F9517F80051C2BF /* DevslopesSocial.app */,
			);
			name = Products;
			sourceTree = "<group>";
		};
		2FCD29AD1F9517F80051C2BF /* DevslopesSocial */ = {
			isa = PBXGroup;
			children = (
				2FAD733E1F964BAC006F0664 /* Util */,
				2FAD73391F953153006F0664 /* Model */,
				2FAD733B1F953160006F0664 /* Controller */,
				2FAD733A1F95315B006F0664 /* View */,
				2FCD29AE1F9517F80051C2BF /* AppDelegate.swift */,
				2FCD29B21F9517F80051C2BF /* Main.storyboard */,
				2FCD29B51F9517F80051C2BF /* Assets.xcassets */,
				2FCD29B71F9517F80051C2BF /* LaunchScreen.storyboard */,
				2FCD29BA1F9517F80051C2BF /* Info.plist */,
				2FCD29C01F9518870051C2BF /* GoogleService-Info.plist */,
			);
			path = DevslopesSocial;
			sourceTree = "<group>";
		};
		CE03EBE1E9C0F1FA4EA2DECF /* Pods */ = {
			isa = PBXGroup;
			children = (
				DBBB5302EDD2FA4BD5268C3F /* Pods-DevslopesSocial.debug.xcconfig */,
				D05C72C5A582A5698E8F4688 /* Pods-DevslopesSocial.release.xcconfig */,
			);
			name = Pods;
			sourceTree = "<group>";
		};
		E1FD32B523A9BA9770E9F9E3 /* Frameworks */ = {
			isa = PBXGroup;
			children = (
				2FAD734B1F966E71006F0664 /* Bolts.framework */,
				2FAD734C1F966E71006F0664 /* FBSDKShareKit.framework */,
				2FAD73471F966CF9006F0664 /* FBSDKCoreKit.framework */,
				2FAD73481F966CF9006F0664 /* FBSDKLoginKit.framework */,
				ED031F2A2DFBB2E1BA6E5813 /* Pods_DevslopesSocial.framework */,
			);
			name = Frameworks;
			sourceTree = "<group>";
		};
/* End PBXGroup section */

/* Begin PBXNativeTarget section */
		2FCD29AA1F9517F80051C2BF /* DevslopesSocial */ = {
			isa = PBXNativeTarget;
			buildConfigurationList = 2FCD29BD1F9517F80051C2BF /* Build configuration list for PBXNativeTarget "DevslopesSocial" */;
			buildPhases = (
				09B3CEFEFC14DBDE82BF770A /* [CP] Check Pods Manifest.lock */,
				2FCD29A71F9517F80051C2BF /* Sources */,
				2FCD29A81F9517F80051C2BF /* Frameworks */,
				2FCD29A91F9517F80051C2BF /* Resources */,
				D4F778B397B602B673930DF4 /* [CP] Embed Pods Frameworks */,
				E77AEF9204667941323EAC20 /* [CP] Copy Pods Resources */,
			);
			buildRules = (
			);
			dependencies = (
			);
			name = DevslopesSocial;
			productName = DevslopesSocial;
			productReference = 2FCD29AB1F9517F80051C2BF /* DevslopesSocial.app */;
			productType = "com.apple.product-type.application";
		};
/* End PBXNativeTarget section */

/* Begin PBXProject section */
		2FCD29A31F9517F80051C2BF /* Project object */ = {
			isa = PBXProject;
			attributes = {
				LastSwiftUpdateCheck = 0830;
				LastUpgradeCheck = 0830;
				ORGANIZATIONNAME = exxe;
				TargetAttributes = {
					2FCD29AA1F9517F80051C2BF = {
						CreatedOnToolsVersion = 8.3.3;
						DevelopmentTeam = 26S7LY8D22;
						ProvisioningStyle = Automatic;
					};
				};
			};
			buildConfigurationList = 2FCD29A61F9517F80051C2BF /* Build configuration list for PBXProject "DevslopesSocial" */;
			compatibilityVersion = "Xcode 3.2";
			developmentRegion = English;
			hasScannedForEncodings = 0;
			knownRegions = (
				en,
				Base,
			);
			mainGroup = 2FCD29A21F9517F80051C2BF;
			productRefGroup = 2FCD29AC1F9517F80051C2BF /* Products */;
			projectDirPath = "";
			projectRoot = "";
			targets = (
				2FCD29AA1F9517F80051C2BF /* DevslopesSocial */,
			);
		};
/* End PBXProject section */

/* Begin PBXResourcesBuildPhase section */
		2FCD29A91F9517F80051C2BF /* Resources */ = {
			isa = PBXResourcesBuildPhase;
			buildActionMask = 2147483647;
			files = (
				2FCD29B91F9517F80051C2BF /* LaunchScreen.storyboard in Resources */,
				2FCD29C11F9518870051C2BF /* GoogleService-Info.plist in Resources */,
				2FCD29B61F9517F80051C2BF /* Assets.xcassets in Resources */,
				2FCD29B41F9517F80051C2BF /* Main.storyboard in Resources */,
			);
			runOnlyForDeploymentPostprocessing = 0;
		};
/* End PBXResourcesBuildPhase section */

/* Begin PBXShellScriptBuildPhase section */
		09B3CEFEFC14DBDE82BF770A /* [CP] Check Pods Manifest.lock */ = {
			isa = PBXShellScriptBuildPhase;
			buildActionMask = 2147483647;
			files = (
			);
			inputPaths = (
				"${PODS_PODFILE_DIR_PATH}/Podfile.lock",
				"${PODS_ROOT}/Manifest.lock",
			);
			name = "[CP] Check Pods Manifest.lock";
			outputPaths = (
				"$(DERIVED_FILE_DIR)/Pods-DevslopesSocial-checkManifestLockResult.txt",
			);
			runOnlyForDeploymentPostprocessing = 0;
			shellPath = /bin/sh;
			shellScript = "diff \"${PODS_PODFILE_DIR_PATH}/Podfile.lock\" \"${PODS_ROOT}/Manifest.lock\" > /dev/null\nif [ $? != 0 ] ; then\n    # print error to STDERR\n    echo \"error: The sandbox is not in sync with the Podfile.lock. Run 'pod install' or update your CocoaPods installation.\" >&2\n    exit 1\nfi\n# This output is used by Xcode 'outputs' to avoid re-running this script phase.\necho \"SUCCESS\" > \"${SCRIPT_OUTPUT_FILE_0}\"\n";
			showEnvVarsInLog = 0;
		};
		D4F778B397B602B673930DF4 /* [CP] Embed Pods Frameworks */ = {
			isa = PBXShellScriptBuildPhase;
			buildActionMask = 2147483647;
			files = (
			);
			inputPaths = (
				"${SRCROOT}/Pods/Target Support Files/Pods-DevslopesSocial/Pods-DevslopesSocial-frameworks.sh",
				"${BUILT_PRODUCTS_DIR}/Bolts/Bolts.framework",
				"${BUILT_PRODUCTS_DIR}/FBSDKCoreKit/FBSDKCoreKit.framework",
				"${BUILT_PRODUCTS_DIR}/FBSDKLoginKit/FBSDKLoginKit.framework",
				"${BUILT_PRODUCTS_DIR}/GTMSessionFetcher/GTMSessionFetcher.framework",
				"${BUILT_PRODUCTS_DIR}/GoogleToolboxForMac/GoogleToolboxForMac.framework",
				"${BUILT_PRODUCTS_DIR}/leveldb-library/leveldb.framework",
				"${BUILT_PRODUCTS_DIR}/nanopb/nanopb.framework",
			);
			name = "[CP] Embed Pods Frameworks";
			outputPaths = (
				"${TARGET_BUILD_DIR}/${FRAMEWORKS_FOLDER_PATH}/Bolts.framework",
				"${TARGET_BUILD_DIR}/${FRAMEWORKS_FOLDER_PATH}/FBSDKCoreKit.framework",
				"${TARGET_BUILD_DIR}/${FRAMEWORKS_FOLDER_PATH}/FBSDKLoginKit.framework",
				"${TARGET_BUILD_DIR}/${FRAMEWORKS_FOLDER_PATH}/GTMSessionFetcher.framework",
				"${TARGET_BUILD_DIR}/${FRAMEWORKS_FOLDER_PATH}/GoogleToolboxForMac.framework",
				"${TARGET_BUILD_DIR}/${FRAMEWORKS_FOLDER_PATH}/leveldb.framework",
				"${TARGET_BUILD_DIR}/${FRAMEWORKS_FOLDER_PATH}/nanopb.framework",
			);
			runOnlyForDeploymentPostprocessing = 0;
			shellPath = /bin/sh;
			shellScript = "\"${SRCROOT}/Pods/Target Support Files/Pods-DevslopesSocial/Pods-DevslopesSocial-frameworks.sh\"\n";
			showEnvVarsInLog = 0;
		};
		E77AEF9204667941323EAC20 /* [CP] Copy Pods Resources */ = {
			isa = PBXShellScriptBuildPhase;
			buildActionMask = 2147483647;
			files = (
			);
			inputPaths = (
			);
			name = "[CP] Copy Pods Resources";
			outputPaths = (
			);
			runOnlyForDeploymentPostprocessing = 0;
			shellPath = /bin/sh;
			shellScript = "\"${SRCROOT}/Pods/Target Support Files/Pods-DevslopesSocial/Pods-DevslopesSocial-resources.sh\"\n";
			showEnvVarsInLog = 0;
		};
/* End PBXShellScriptBuildPhase section */

/* Begin PBXSourcesBuildPhase section */
		2FCD29A71F9517F80051C2BF /* Sources */ = {
			isa = PBXSourcesBuildPhase;
			buildActionMask = 2147483647;
			files = (
				2FAD733D1F964ABA006F0664 /* CustomView.swift in Sources */,
				2FAD73421F964FFF006F0664 /* RoundBtn.swift in Sources */,
				2FAD73441F965208006F0664 /* CustomTextField.swift in Sources */,
				2FCD29B11F9517F80051C2BF /* SignInVC.swift in Sources */,
				2FCD29AF1F9517F80051C2BF /* AppDelegate.swift in Sources */,
				2FAD73401F964BBF006F0664 /* Constants.swift in Sources */,
				2FAD73461F965394006F0664 /* RoundedCornerBtn.swift in Sources */,
			);
			runOnlyForDeploymentPostprocessing = 0;
		};
/* End PBXSourcesBuildPhase section */

/* Begin PBXVariantGroup section */
		2FCD29B21F9517F80051C2BF /* Main.storyboard */ = {
			isa = PBXVariantGroup;
			children = (
				2FCD29B31F9517F80051C2BF /* Base */,
			);
			name = Main.storyboard;
			sourceTree = "<group>";
		};
		2FCD29B71F9517F80051C2BF /* LaunchScreen.storyboard */ = {
			isa = PBXVariantGroup;
			children = (
				2FCD29B81F9517F80051C2BF /* Base */,
			);
			name = LaunchScreen.storyboard;
			sourceTree = "<group>";
		};
/* End PBXVariantGroup section */

/* Begin XCBuildConfiguration section */
		2FCD29BB1F9517F80051C2BF /* Debug */ = {
			isa = XCBuildConfiguration;
			buildSettings = {
				ALWAYS_SEARCH_USER_PATHS = NO;
				CLANG_ANALYZER_NONNULL = YES;
				CLANG_ANALYZER_NUMBER_OBJECT_CONVERSION = YES_AGGRESSIVE;
				CLANG_CXX_LANGUAGE_STANDARD = "gnu++0x";
				CLANG_CXX_LIBRARY = "libc++";
				CLANG_ENABLE_MODULES = YES;
				CLANG_ENABLE_OBJC_ARC = YES;
				CLANG_WARN_BOOL_CONVERSION = YES;
				CLANG_WARN_CONSTANT_CONVERSION = YES;
				CLANG_WARN_DIRECT_OBJC_ISA_USAGE = YES_ERROR;
				CLANG_WARN_DOCUMENTATION_COMMENTS = YES;
				CLANG_WARN_EMPTY_BODY = YES;
				CLANG_WARN_ENUM_CONVERSION = YES;
				CLANG_WARN_INFINITE_RECURSION = YES;
				CLANG_WARN_INT_CONVERSION = YES;
				CLANG_WARN_OBJC_ROOT_CLASS = YES_ERROR;
				CLANG_WARN_SUSPICIOUS_MOVE = YES;
				CLANG_WARN_UNREACHABLE_CODE = YES;
				CLANG_WARN__DUPLICATE_METHOD_MATCH = YES;
				"CODE_SIGN_IDENTITY[sdk=iphoneos*]" = "iPhone Developer";
				COPY_PHASE_STRIP = NO;
				DEBUG_INFORMATION_FORMAT = dwarf;
				ENABLE_STRICT_OBJC_MSGSEND = YES;
				ENABLE_TESTABILITY = YES;
				GCC_C_LANGUAGE_STANDARD = gnu99;
				GCC_DYNAMIC_NO_PIC = NO;
				GCC_NO_COMMON_BLOCKS = YES;
				GCC_OPTIMIZATION_LEVEL = 0;
				GCC_PREPROCESSOR_DEFINITIONS = (
					"DEBUG=1",
					"$(inherited)",
				);
				GCC_WARN_64_TO_32_BIT_CONVERSION = YES;
				GCC_WARN_ABOUT_RETURN_TYPE = YES_ERROR;
				GCC_WARN_UNDECLARED_SELECTOR = YES;
				GCC_WARN_UNINITIALIZED_AUTOS = YES_AGGRESSIVE;
				GCC_WARN_UNUSED_FUNCTION = YES;
				GCC_WARN_UNUSED_VARIABLE = YES;
				IPHONEOS_DEPLOYMENT_TARGET = 10.3;
				MTL_ENABLE_DEBUG_INFO = YES;
				ONLY_ACTIVE_ARCH = YES;
				SDKROOT = iphoneos;
				SWIFT_ACTIVE_COMPILATION_CONDITIONS = DEBUG;
				SWIFT_OPTIMIZATION_LEVEL = "-Onone";
				TARGETED_DEVICE_FAMILY = "1,2";
			};
			name = Debug;
		};
		2FCD29BC1F9517F80051C2BF /* Release */ = {
			isa = XCBuildConfiguration;
			buildSettings = {
				ALWAYS_SEARCH_USER_PATHS = NO;
				CLANG_ANALYZER_NONNULL = YES;
				CLANG_ANALYZER_NUMBER_OBJECT_CONVERSION = YES_AGGRESSIVE;
				CLANG_CXX_LANGUAGE_STANDARD = "gnu++0x";
				CLANG_CXX_LIBRARY = "libc++";
				CLANG_ENABLE_MODULES = YES;
				CLANG_ENABLE_OBJC_ARC = YES;
				CLANG_WARN_BOOL_CONVERSION = YES;
				CLANG_WARN_CONSTANT_CONVERSION = YES;
				CLANG_WARN_DIRECT_OBJC_ISA_USAGE = YES_ERROR;
				CLANG_WARN_DOCUMENTATION_COMMENTS = YES;
				CLANG_WARN_EMPTY_BODY = YES;
				CLANG_WARN_ENUM_CONVERSION = YES;
				CLANG_WARN_INFINITE_RECURSION = YES;
				CLANG_WARN_INT_CONVERSION = YES;
				CLANG_WARN_OBJC_ROOT_CLASS = YES_ERROR;
				CLANG_WARN_SUSPICIOUS_MOVE = YES;
				CLANG_WARN_UNREACHABLE_CODE = YES;
				CLANG_WARN__DUPLICATE_METHOD_MATCH = YES;
				"CODE_SIGN_IDENTITY[sdk=iphoneos*]" = "iPhone Developer";
				COPY_PHASE_STRIP = NO;
				DEBUG_INFORMATION_FORMAT = "dwarf-with-dsym";
				ENABLE_NS_ASSERTIONS = NO;
				ENABLE_STRICT_OBJC_MSGSEND = YES;
				GCC_C_LANGUAGE_STANDARD = gnu99;
				GCC_NO_COMMON_BLOCKS = YES;
				GCC_WARN_64_TO_32_BIT_CONVERSION = YES;
				GCC_WARN_ABOUT_RETURN_TYPE = YES_ERROR;
				GCC_WARN_UNDECLARED_SELECTOR = YES;
				GCC_WARN_UNINITIALIZED_AUTOS = YES_AGGRESSIVE;
				GCC_WARN_UNUSED_FUNCTION = YES;
				GCC_WARN_UNUSED_VARIABLE = YES;
				IPHONEOS_DEPLOYMENT_TARGET = 10.3;
				MTL_ENABLE_DEBUG_INFO = NO;
				SDKROOT = iphoneos;
				SWIFT_OPTIMIZATION_LEVEL = "-Owholemodule";
				TARGETED_DEVICE_FAMILY = "1,2";
				VALIDATE_PRODUCT = YES;
			};
			name = Release;
		};
		2FCD29BE1F9517F80051C2BF /* Debug */ = {
			isa = XCBuildConfiguration;
			baseConfigurationReference = DBBB5302EDD2FA4BD5268C3F /* Pods-DevslopesSocial.debug.xcconfig */;
			buildSettings = {
				ASSETCATALOG_COMPILER_APPICON_NAME = AppIcon;
				DEVELOPMENT_TEAM = 26S7LY8D22;
				FRAMEWORK_SEARCH_PATHS = (
					"$(inherited)",
					"$(PROJECT_DIR)",
				);
				INFOPLIST_FILE = DevslopesSocial/Info.plist;
				LD_RUNPATH_SEARCH_PATHS = "$(inherited) @executable_path/Frameworks";
				PRODUCT_BUNDLE_IDENTIFIER = com.exxeapp.DevslopesSocial;
				PRODUCT_NAME = "$(TARGET_NAME)";
				SWIFT_VERSION = 3.0;
			};
			name = Debug;
		};
		2FCD29BF1F9517F80051C2BF /* Release */ = {
			isa = XCBuildConfiguration;
			baseConfigurationReference = D05C72C5A582A5698E8F4688 /* Pods-DevslopesSocial.release.xcconfig */;
			buildSettings = {
				ASSETCATALOG_COMPILER_APPICON_NAME = AppIcon;
				DEVELOPMENT_TEAM = 26S7LY8D22;
				FRAMEWORK_SEARCH_PATHS = (
					"$(inherited)",
					"$(PROJECT_DIR)",
				);
				INFOPLIST_FILE = DevslopesSocial/Info.plist;
				LD_RUNPATH_SEARCH_PATHS = "$(inherited) @executable_path/Frameworks";
				PRODUCT_BUNDLE_IDENTIFIER = com.exxeapp.DevslopesSocial;
				PRODUCT_NAME = "$(TARGET_NAME)";
				SWIFT_VERSION = 3.0;
			};
			name = Release;
		};
/* End XCBuildConfiguration section */

/* Begin XCConfigurationList section */
		2FCD29A61F9517F80051C2BF /* Build configuration list for PBXProject "DevslopesSocial" */ = {
			isa = XCConfigurationList;
			buildConfigurations = (
				2FCD29BB1F9517F80051C2BF /* Debug */,
				2FCD29BC1F9517F80051C2BF /* Release */,
			);
			defaultConfigurationIsVisible = 0;
			defaultConfigurationName = Release;
		};
		2FCD29BD1F9517F80051C2BF /* Build configuration list for PBXNativeTarget "DevslopesSocial" */ = {
			isa = XCConfigurationList;
			buildConfigurations = (
				2FCD29BE1F9517F80051C2BF /* Debug */,
				2FCD29BF1F9517F80051C2BF /* Release */,
			);
			defaultConfigurationIsVisible = 0;
			defaultConfigurationName = Release;
		};
/* End XCConfigurationList section */
	};
	rootObject = 2FCD29A31F9517F80051C2BF /* Project object */;
}
